
Microsoft Visual Studio Solution File, Format Version 12.00
# Visual Studio Version 17
VisualStudioVersion = 17.12.35514.174
MinimumVisualStudioVersion = 10.0.40219.1
Project("{2150E333-8FDC-42A3-9474-1A3956D46DE8}") = "APIs", "APIs", "{3CA707A9-A80C-4439-8EE8-70C228D1D769}"
EndProject
Project("{2150E333-8FDC-42A3-9474-1A3956D46DE8}") = "Client", "Client", "{79E6FFE8-AB80-427F-BCCF-B71779C5C9E7}"
EndProject
Project("{FAE04EC0-301F-11D3-BF4B-00C04F79EFBC}") = "AuthenticationAPI", "APIs\AuthenticationAPI\AuthenticationAPI.csproj", "{DE70CBB0-78B7-4744-987E-23130C5A8EC0}"
EndProject
Project("{FAE04EC0-301F-11D3-BF4B-00C04F79EFBC}") = "FileStorageAPI", "APIs\FileStorageAPI\FileStorageAPI.csproj", "{8C3C5EEE-5659-4AAF-AB39-CF7C294F4E7D}"
EndProject
Project("{FAE04EC0-301F-11D3-BF4B-00C04F79EFBC}") = "FileMetadataAPI", "APIs\FileMetadataAPI\FileMetadataAPI.csproj", "{1F67FEAE-BF56-4986-9FE6-0AAF6A9E2A52}"
EndProject
Project("{FAE04EC0-301F-11D3-BF4B-00C04F79EFBC}") = "MVCApplication", "Client\MVCApplication\MVCApplication.csproj", "{7E507A08-35D3-4A19-ABC8-C9B03F50294C}"
EndProject
Global
	GlobalSection(SolutionConfigurationPlatforms) = preSolution
		Debug|Any CPU = Debug|Any CPU
		Release|Any CPU = Release|Any CPU
	EndGlobalSection
	GlobalSection(ProjectConfigurationPlatforms) = postSolution
		{DE70CBB0-78B7-4744-987E-23130C5A8EC0}.Debug|Any CPU.ActiveCfg = Debug|Any CPU
		{DE70CBB0-78B7-4744-987E-23130C5A8EC0}.Debug|Any CPU.Build.0 = Debug|Any CPU
		{DE70CBB0-78B7-4744-987E-23130C5A8EC0}.Release|Any CPU.ActiveCfg = Release|Any CPU
		{DE70CBB0-78B7-4744-987E-23130C5A8EC0}.Release|Any CPU.Build.0 = Release|Any CPU
		{8C3C5EEE-5659-4AAF-AB39-CF7C294F4E7D}.Debug|Any CPU.ActiveCfg = Debug|Any CPU
		{8C3C5EEE-5659-4AAF-AB39-CF7C294F4E7D}.Debug|Any CPU.Build.0 = Debug|Any CPU
		{8C3C5EEE-5659-4AAF-AB39-CF7C294F4E7D}.Release|Any CPU.ActiveCfg = Release|Any CPU
		{8C3C5EEE-5659-4AAF-AB39-CF7C294F4E7D}.Release|Any CPU.Build.0 = Release|Any CPU
		{1F67FEAE-BF56-4986-9FE6-0AAF6A9E2A52}.Debug|Any CPU.ActiveCfg = Debug|Any CPU
		{1F67FEAE-BF56-4986-9FE6-0AAF6A9E2A52}.Debug|Any CPU.Build.0 = Debug|Any CPU
		{1F67FEAE-BF56-4986-9FE6-0AAF6A9E2A52}.Release|Any CPU.ActiveCfg = Release|Any CPU
		{1F67FEAE-BF56-4986-9FE6-0AAF6A9E2A52}.Release|Any CPU.Build.0 = Release|Any CPU
		{7E507A08-35D3-4A19-ABC8-C9B03F50294C}.Debug|Any CPU.ActiveCfg = Debug|Any CPU
		{7E507A08-35D3-4A19-ABC8-C9B03F50294C}.Debug|Any CPU.Build.0 = Debug|Any CPU
		{7E507A08-35D3-4A19-ABC8-C9B03F50294C}.Release|Any CPU.ActiveCfg = Release|Any CPU
		{7E507A08-35D3-4A19-ABC8-C9B03F50294C}.Release|Any CPU.Build.0 = Release|Any CPU
	EndGlobalSection
	GlobalSection(SolutionProperties) = preSolution
		HideSolutionNode = FALSE
	EndGlobalSection
	GlobalSection(NestedProjects) = preSolution
		{DE70CBB0-78B7-4744-987E-23130C5A8EC0} = {3CA707A9-A80C-4439-8EE8-70C228D1D769}
		{8C3C5EEE-5659-4AAF-AB39-CF7C294F4E7D} = {3CA707A9-A80C-4439-8EE8-70C228D1D769}
		{1F67FEAE-BF56-4986-9FE6-0AAF6A9E2A52} = {3CA707A9-A80C-4439-8EE8-70C228D1D769}
		{7E507A08-35D3-4A19-ABC8-C9B03F50294C} = {79E6FFE8-AB80-427F-BCCF-B71779C5C9E7}
	EndGlobalSection
EndGlobal
